
Microsoft Visual Studio Solution File, Format Version 12.00
# Visual Studio Version 17
VisualStudioVersion = 17.0.31903.59
MinimumVisualStudioVersion = 10.0.40219.1
Project("{FAE04EC0-301F-11D3-BF4B-00C04F79EFBC}") = "FizzBuzz", "FizzBuzz\FizzBuzz.csproj", "{576D5FF9-C0AF-456A-AE8C-946D6139D621}"
EndProject
Project("{FAE04EC0-301F-11D3-BF4B-00C04F79EFBC}") = "FizzBuzz.Tests", "FizzBuzz.Tests\FizzBuzz.Tests.csproj", "{E555B42D-8304-4CDA-9DD6-845A9B553994}"
EndProject
Project("{2150E333-8FDC-42A3-9474-1A3956D46DE8}") = "FizzBuzz", "FizzBuzz", "{78FE3C98-C79F-42FD-8BD4-308F60C7CCBF}"
EndProject
Project("{2150E333-8FDC-42A3-9474-1A3956D46DE8}") = "Bowling", "Bowling", "{2B06B7E4-3CAF-4ADF-8BFA-3A5791224214}"
EndProject
Project("{FAE04EC0-301F-11D3-BF4B-00C04F79EFBC}") = "BowlingTests", "BowlingTests\BowlingTests.csproj", "{2B992540-6552-4568-8DAE-81A47A409375}"
EndProject
Project("{FAE04EC0-301F-11D3-BF4B-00C04F79EFBC}") = "Bowling", "Bowling\Bowling.csproj", "{F956A372-C9E1-4DE2-B608-6DB00F5A074D}"
EndProject
Project("{2150E333-8FDC-42A3-9474-1A3956D46DE8}") = "LeetCode", "LeetCode", "{5DCD4554-C095-4938-B02C-8FF5BEE4A561}"
EndProject
Project("{FAE04EC0-301F-11D3-BF4B-00C04F79EFBC}") = "1.GroupAnagrams", "1.GroupAnagrams\1.GroupAnagrams.csproj", "{F7B25A5E-A9E8-43D7-B3B3-DC782AA0FBE3}"
EndProject
Project("{FAE04EC0-301F-11D3-BF4B-00C04F79EFBC}") = "TopKFrequent", "TopKFrequent\TopKFrequent.csproj", "{C9D15C68-1609-4CE3-B510-3B3DE52E519E}"
EndProject
Project("{FAE04EC0-301F-11D3-BF4B-00C04F79EFBC}") = "DecodeEnCode", "DecodeEnCode\DecodeEnCode.csproj", "{CB1B237F-5F3F-4CE7-8560-E2A20849CDD4}"
EndProject
Project("{FAE04EC0-301F-11D3-BF4B-00C04F79EFBC}") = "ValidSudokuTests", "ValidSudokuTests\ValidSudokuTests.csproj", "{2A4AA4CE-A466-4362-A3B4-1F081E29C2C7}"
EndProject
Project("{FAE04EC0-301F-11D3-BF4B-00C04F79EFBC}") = "ProductsOfArrayExceptSelf", "ProductsOfArrayExceptSelf\ProductsOfArrayExceptSelf.csproj", "{B2188703-9BEC-48C0-8E34-63480C77B383}"
EndProject
Project("{FAE04EC0-301F-11D3-BF4B-00C04F79EFBC}") = "BestTimeToBuySellStockTests", "BestTimeToBuySellStockTests\BestTimeToBuySellStockTests.csproj", "{122F3DE1-4909-468B-91A4-7C79FDB8BB37}"
EndProject
Global
	GlobalSection(SolutionConfigurationPlatforms) = preSolution
		Debug|Any CPU = Debug|Any CPU
		Debug|x64 = Debug|x64
		Debug|x86 = Debug|x86
		Release|Any CPU = Release|Any CPU
		Release|x64 = Release|x64
		Release|x86 = Release|x86
	EndGlobalSection
	GlobalSection(ProjectConfigurationPlatforms) = postSolution
		{576D5FF9-C0AF-456A-AE8C-946D6139D621}.Debug|Any CPU.ActiveCfg = Debug|Any CPU
		{576D5FF9-C0AF-456A-AE8C-946D6139D621}.Debug|Any CPU.Build.0 = Debug|Any CPU
		{576D5FF9-C0AF-456A-AE8C-946D6139D621}.Debug|x64.ActiveCfg = Debug|Any CPU
		{576D5FF9-C0AF-456A-AE8C-946D6139D621}.Debug|x64.Build.0 = Debug|Any CPU
		{576D5FF9-C0AF-456A-AE8C-946D6139D621}.Debug|x86.ActiveCfg = Debug|Any CPU
		{576D5FF9-C0AF-456A-AE8C-946D6139D621}.Debug|x86.Build.0 = Debug|Any CPU
		{576D5FF9-C0AF-456A-AE8C-946D6139D621}.Release|Any CPU.ActiveCfg = Release|Any CPU
		{576D5FF9-C0AF-456A-AE8C-946D6139D621}.Release|Any CPU.Build.0 = Release|Any CPU
		{576D5FF9-C0AF-456A-AE8C-946D6139D621}.Release|x64.ActiveCfg = Release|Any CPU
		{576D5FF9-C0AF-456A-AE8C-946D6139D621}.Release|x64.Build.0 = Release|Any CPU
		{576D5FF9-C0AF-456A-AE8C-946D6139D621}.Release|x86.ActiveCfg = Release|Any CPU
		{576D5FF9-C0AF-456A-AE8C-946D6139D621}.Release|x86.Build.0 = Release|Any CPU
		{E555B42D-8304-4CDA-9DD6-845A9B553994}.Debug|Any CPU.ActiveCfg = Debug|Any CPU
		{E555B42D-8304-4CDA-9DD6-845A9B553994}.Debug|Any CPU.Build.0 = Debug|Any CPU
		{E555B42D-8304-4CDA-9DD6-845A9B553994}.Debug|x64.ActiveCfg = Debug|Any CPU
		{E555B42D-8304-4CDA-9DD6-845A9B553994}.Debug|x64.Build.0 = Debug|Any CPU
		{E555B42D-8304-4CDA-9DD6-845A9B553994}.Debug|x86.ActiveCfg = Debug|Any CPU
		{E555B42D-8304-4CDA-9DD6-845A9B553994}.Debug|x86.Build.0 = Debug|Any CPU
		{E555B42D-8304-4CDA-9DD6-845A9B553994}.Release|Any CPU.ActiveCfg = Release|Any CPU
		{E555B42D-8304-4CDA-9DD6-845A9B553994}.Release|Any CPU.Build.0 = Release|Any CPU
		{E555B42D-8304-4CDA-9DD6-845A9B553994}.Release|x64.ActiveCfg = Release|Any CPU
		{E555B42D-8304-4CDA-9DD6-845A9B553994}.Release|x64.Build.0 = Release|Any CPU
		{E555B42D-8304-4CDA-9DD6-845A9B553994}.Release|x86.ActiveCfg = Release|Any CPU
		{E555B42D-8304-4CDA-9DD6-845A9B553994}.Release|x86.Build.0 = Release|Any CPU
		{2B992540-6552-4568-8DAE-81A47A409375}.Debug|Any CPU.ActiveCfg = Debug|Any CPU
		{2B992540-6552-4568-8DAE-81A47A409375}.Debug|Any CPU.Build.0 = Debug|Any CPU
		{2B992540-6552-4568-8DAE-81A47A409375}.Debug|x64.ActiveCfg = Debug|Any CPU
		{2B992540-6552-4568-8DAE-81A47A409375}.Debug|x64.Build.0 = Debug|Any CPU
		{2B992540-6552-4568-8DAE-81A47A409375}.Debug|x86.ActiveCfg = Debug|Any CPU
		{2B992540-6552-4568-8DAE-81A47A409375}.Debug|x86.Build.0 = Debug|Any CPU
		{2B992540-6552-4568-8DAE-81A47A409375}.Release|Any CPU.ActiveCfg = Release|Any CPU
		{2B992540-6552-4568-8DAE-81A47A409375}.Release|Any CPU.Build.0 = Release|Any CPU
		{2B992540-6552-4568-8DAE-81A47A409375}.Release|x64.ActiveCfg = Release|Any CPU
		{2B992540-6552-4568-8DAE-81A47A409375}.Release|x64.Build.0 = Release|Any CPU
		{2B992540-6552-4568-8DAE-81A47A409375}.Release|x86.ActiveCfg = Release|Any CPU
		{2B992540-6552-4568-8DAE-81A47A409375}.Release|x86.Build.0 = Release|Any CPU
		{F956A372-C9E1-4DE2-B608-6DB00F5A074D}.Debug|Any CPU.ActiveCfg = Debug|Any CPU
		{F956A372-C9E1-4DE2-B608-6DB00F5A074D}.Debug|Any CPU.Build.0 = Debug|Any CPU
		{F956A372-C9E1-4DE2-B608-6DB00F5A074D}.Debug|x64.ActiveCfg = Debug|Any CPU
		{F956A372-C9E1-4DE2-B608-6DB00F5A074D}.Debug|x64.Build.0 = Debug|Any CPU
		{F956A372-C9E1-4DE2-B608-6DB00F5A074D}.Debug|x86.ActiveCfg = Debug|Any CPU
		{F956A372-C9E1-4DE2-B608-6DB00F5A074D}.Debug|x86.Build.0 = Debug|Any CPU
		{F956A372-C9E1-4DE2-B608-6DB00F5A074D}.Release|Any CPU.ActiveCfg = Release|Any CPU
		{F956A372-C9E1-4DE2-B608-6DB00F5A074D}.Release|Any CPU.Build.0 = Release|Any CPU
		{F956A372-C9E1-4DE2-B608-6DB00F5A074D}.Release|x64.ActiveCfg = Release|Any CPU
		{F956A372-C9E1-4DE2-B608-6DB00F5A074D}.Release|x64.Build.0 = Release|Any CPU
		{F956A372-C9E1-4DE2-B608-6DB00F5A074D}.Release|x86.ActiveCfg = Release|Any CPU
		{F956A372-C9E1-4DE2-B608-6DB00F5A074D}.Release|x86.Build.0 = Release|Any CPU
		{F7B25A5E-A9E8-43D7-B3B3-DC782AA0FBE3}.Debug|Any CPU.ActiveCfg = Debug|Any CPU
		{F7B25A5E-A9E8-43D7-B3B3-DC782AA0FBE3}.Debug|Any CPU.Build.0 = Debug|Any CPU
		{F7B25A5E-A9E8-43D7-B3B3-DC782AA0FBE3}.Debug|x64.ActiveCfg = Debug|Any CPU
		{F7B25A5E-A9E8-43D7-B3B3-DC782AA0FBE3}.Debug|x64.Build.0 = Debug|Any CPU
		{F7B25A5E-A9E8-43D7-B3B3-DC782AA0FBE3}.Debug|x86.ActiveCfg = Debug|Any CPU
		{F7B25A5E-A9E8-43D7-B3B3-DC782AA0FBE3}.Debug|x86.Build.0 = Debug|Any CPU
		{F7B25A5E-A9E8-43D7-B3B3-DC782AA0FBE3}.Release|Any CPU.ActiveCfg = Release|Any CPU
		{F7B25A5E-A9E8-43D7-B3B3-DC782AA0FBE3}.Release|Any CPU.Build.0 = Release|Any CPU
		{F7B25A5E-A9E8-43D7-B3B3-DC782AA0FBE3}.Release|x64.ActiveCfg = Release|Any CPU
		{F7B25A5E-A9E8-43D7-B3B3-DC782AA0FBE3}.Release|x64.Build.0 = Release|Any CPU
		{F7B25A5E-A9E8-43D7-B3B3-DC782AA0FBE3}.Release|x86.ActiveCfg = Release|Any CPU
		{F7B25A5E-A9E8-43D7-B3B3-DC782AA0FBE3}.Release|x86.Build.0 = Release|Any CPU
		{C9D15C68-1609-4CE3-B510-3B3DE52E519E}.Debug|Any CPU.ActiveCfg = Debug|Any CPU
		{C9D15C68-1609-4CE3-B510-3B3DE52E519E}.Debug|Any CPU.Build.0 = Debug|Any CPU
		{C9D15C68-1609-4CE3-B510-3B3DE52E519E}.Debug|x64.ActiveCfg = Debug|Any CPU
		{C9D15C68-1609-4CE3-B510-3B3DE52E519E}.Debug|x64.Build.0 = Debug|Any CPU
		{C9D15C68-1609-4CE3-B510-3B3DE52E519E}.Debug|x86.ActiveCfg = Debug|Any CPU
		{C9D15C68-1609-4CE3-B510-3B3DE52E519E}.Debug|x86.Build.0 = Debug|Any CPU
		{C9D15C68-1609-4CE3-B510-3B3DE52E519E}.Release|Any CPU.ActiveCfg = Release|Any CPU
		{C9D15C68-1609-4CE3-B510-3B3DE52E519E}.Release|Any CPU.Build.0 = Release|Any CPU
		{C9D15C68-1609-4CE3-B510-3B3DE52E519E}.Release|x64.ActiveCfg = Release|Any CPU
		{C9D15C68-1609-4CE3-B510-3B3DE52E519E}.Release|x64.Build.0 = Release|Any CPU
		{C9D15C68-1609-4CE3-B510-3B3DE52E519E}.Release|x86.ActiveCfg = Release|Any CPU
		{C9D15C68-1609-4CE3-B510-3B3DE52E519E}.Release|x86.Build.0 = Release|Any CPU
		{CB1B237F-5F3F-4CE7-8560-E2A20849CDD4}.Debug|Any CPU.ActiveCfg = Debug|Any CPU
		{CB1B237F-5F3F-4CE7-8560-E2A20849CDD4}.Debug|Any CPU.Build.0 = Debug|Any CPU
		{CB1B237F-5F3F-4CE7-8560-E2A20849CDD4}.Debug|x64.ActiveCfg = Debug|Any CPU
		{CB1B237F-5F3F-4CE7-8560-E2A20849CDD4}.Debug|x64.Build.0 = Debug|Any CPU
		{CB1B237F-5F3F-4CE7-8560-E2A20849CDD4}.Debug|x86.ActiveCfg = Debug|Any CPU
		{CB1B237F-5F3F-4CE7-8560-E2A20849CDD4}.Debug|x86.Build.0 = Debug|Any CPU
		{CB1B237F-5F3F-4CE7-8560-E2A20849CDD4}.Release|Any CPU.ActiveCfg = Release|Any CPU
		{CB1B237F-5F3F-4CE7-8560-E2A20849CDD4}.Release|Any CPU.Build.0 = Release|Any CPU
		{CB1B237F-5F3F-4CE7-8560-E2A20849CDD4}.Release|x64.ActiveCfg = Release|Any CPU
		{CB1B237F-5F3F-4CE7-8560-E2A20849CDD4}.Release|x64.Build.0 = Release|Any CPU
		{CB1B237F-5F3F-4CE7-8560-E2A20849CDD4}.Release|x86.ActiveCfg = Release|Any CPU
		{CB1B237F-5F3F-4CE7-8560-E2A20849CDD4}.Release|x86.Build.0 = Release|Any CPU
		{2A4AA4CE-A466-4362-A3B4-1F081E29C2C7}.Debug|Any CPU.ActiveCfg = Debug|Any CPU
		{2A4AA4CE-A466-4362-A3B4-1F081E29C2C7}.Debug|Any CPU.Build.0 = Debug|Any CPU
		{2A4AA4CE-A466-4362-A3B4-1F081E29C2C7}.Debug|x64.ActiveCfg = Debug|Any CPU
		{2A4AA4CE-A466-4362-A3B4-1F081E29C2C7}.Debug|x64.Build.0 = Debug|Any CPU
		{2A4AA4CE-A466-4362-A3B4-1F081E29C2C7}.Debug|x86.ActiveCfg = Debug|Any CPU
		{2A4AA4CE-A466-4362-A3B4-1F081E29C2C7}.Debug|x86.Build.0 = Debug|Any CPU
		{2A4AA4CE-A466-4362-A3B4-1F081E29C2C7}.Release|Any CPU.ActiveCfg = Release|Any CPU
		{2A4AA4CE-A466-4362-A3B4-1F081E29C2C7}.Release|Any CPU.Build.0 = Release|Any CPU
		{2A4AA4CE-A466-4362-A3B4-1F081E29C2C7}.Release|x64.ActiveCfg = Release|Any CPU
		{2A4AA4CE-A466-4362-A3B4-1F081E29C2C7}.Release|x64.Build.0 = Release|Any CPU
		{2A4AA4CE-A466-4362-A3B4-1F081E29C2C7}.Release|x86.ActiveCfg = Release|Any CPU
		{2A4AA4CE-A466-4362-A3B4-1F081E29C2C7}.Release|x86.Build.0 = Release|Any CPU
		{B2188703-9BEC-48C0-8E34-63480C77B383}.Debug|Any CPU.ActiveCfg = Debug|Any CPU
		{B2188703-9BEC-48C0-8E34-63480C77B383}.Debug|Any CPU.Build.0 = Debug|Any CPU
		{B2188703-9BEC-48C0-8E34-63480C77B383}.Debug|x64.ActiveCfg = Debug|Any CPU
		{B2188703-9BEC-48C0-8E34-63480C77B383}.Debug|x64.Build.0 = Debug|Any CPU
		{B2188703-9BEC-48C0-8E34-63480C77B383}.Debug|x86.ActiveCfg = Debug|Any CPU
		{B2188703-9BEC-48C0-8E34-63480C77B383}.Debug|x86.Build.0 = Debug|Any CPU
		{B2188703-9BEC-48C0-8E34-63480C77B383}.Release|Any CPU.ActiveCfg = Release|Any CPU
		{B2188703-9BEC-48C0-8E34-63480C77B383}.Release|Any CPU.Build.0 = Release|Any CPU
		{B2188703-9BEC-48C0-8E34-63480C77B383}.Release|x64.ActiveCfg = Release|Any CPU
		{B2188703-9BEC-48C0-8E34-63480C77B383}.Release|x64.Build.0 = Release|Any CPU
		{B2188703-9BEC-48C0-8E34-63480C77B383}.Release|x86.ActiveCfg = Release|Any CPU
		{B2188703-9BEC-48C0-8E34-63480C77B383}.Release|x86.Build.0 = Release|Any CPU
		{122F3DE1-4909-468B-91A4-7C79FDB8BB37}.Debug|Any CPU.ActiveCfg = Debug|Any CPU
		{122F3DE1-4909-468B-91A4-7C79FDB8BB37}.Debug|Any CPU.Build.0 = Debug|Any CPU
		{122F3DE1-4909-468B-91A4-7C79FDB8BB37}.Debug|x64.ActiveCfg = Debug|Any CPU
		{122F3DE1-4909-468B-91A4-7C79FDB8BB37}.Debug|x64.Build.0 = Debug|Any CPU
		{122F3DE1-4909-468B-91A4-7C79FDB8BB37}.Debug|x86.ActiveCfg = Debug|Any CPU
		{122F3DE1-4909-468B-91A4-7C79FDB8BB37}.Debug|x86.Build.0 = Debug|Any CPU
		{122F3DE1-4909-468B-91A4-7C79FDB8BB37}.Release|Any CPU.ActiveCfg = Release|Any CPU
		{122F3DE1-4909-468B-91A4-7C79FDB8BB37}.Release|Any CPU.Build.0 = Release|Any CPU
		{122F3DE1-4909-468B-91A4-7C79FDB8BB37}.Release|x64.ActiveCfg = Release|Any CPU
		{122F3DE1-4909-468B-91A4-7C79FDB8BB37}.Release|x64.Build.0 = Release|Any CPU
		{122F3DE1-4909-468B-91A4-7C79FDB8BB37}.Release|x86.ActiveCfg = Release|Any CPU
		{122F3DE1-4909-468B-91A4-7C79FDB8BB37}.Release|x86.Build.0 = Release|Any CPU
	EndGlobalSection
	GlobalSection(SolutionProperties) = preSolution
		HideSolutionNode = FALSE
	EndGlobalSection
	GlobalSection(NestedProjects) = preSolution
		{576D5FF9-C0AF-456A-AE8C-946D6139D621} = {78FE3C98-C79F-42FD-8BD4-308F60C7CCBF}
		{E555B42D-8304-4CDA-9DD6-845A9B553994} = {78FE3C98-C79F-42FD-8BD4-308F60C7CCBF}
		{2B992540-6552-4568-8DAE-81A47A409375} = {2B06B7E4-3CAF-4ADF-8BFA-3A5791224214}
		{F956A372-C9E1-4DE2-B608-6DB00F5A074D} = {2B06B7E4-3CAF-4ADF-8BFA-3A5791224214}
		{F7B25A5E-A9E8-43D7-B3B3-DC782AA0FBE3} = {5DCD4554-C095-4938-B02C-8FF5BEE4A561}
		{C9D15C68-1609-4CE3-B510-3B3DE52E519E} = {5DCD4554-C095-4938-B02C-8FF5BEE4A561}
		{CB1B237F-5F3F-4CE7-8560-E2A20849CDD4} = {5DCD4554-C095-4938-B02C-8FF5BEE4A561}
		{2A4AA4CE-A466-4362-A3B4-1F081E29C2C7} = {5DCD4554-C095-4938-B02C-8FF5BEE4A561}
		{B2188703-9BEC-48C0-8E34-63480C77B383} = {5DCD4554-C095-4938-B02C-8FF5BEE4A561}
		{122F3DE1-4909-468B-91A4-7C79FDB8BB37} = {5DCD4554-C095-4938-B02C-8FF5BEE4A561}
	EndGlobalSection
EndGlobal
